{
    "_meta": {
        "hash": {
            "sha256": "d207c2e4ceb3e467e620e41d6f02c56167d7fb696cf31e9a1f4822fc9551a2d8"
        },
        "pipfile-spec": 6,
        "requires": {
            "python_version": "3.6"
        },
        "sources": [
            {
                "name": "pypi",
                "url": "https://pypi.org/simple",
                "verify_ssl": true
            }
        ]
    },
    "default": {
        "flask": {
            "hashes": [
                "sha256:4c83829ff83d408b5e1d4995472265411d2c414112298f2eb4b359d9e4563373"
            ],
            "index": "pypi",
            "version": "==0.10.1"
        },
        "flask-sqlalchemy": {
            "hashes": [
                "sha256:990387d2cff83df7feb40e9d6b286f2679144258480249cbd47b88dc0939e886"
            ],
            "index": "pypi",
            "version": "==2.0"
        },
        "gunicorn": {
            "hashes": [
                "sha256:1904bb2b8a43658807108d59c3f3d56c2b6121a701161de0ddf9ad140073c626",
                "sha256:cd4a810dd51bf497552cf3f863b575dabd73d6ad6a91075b65936b151cbf4f9c"
            ],
            "index": "pypi",
            "version": "==20.0.4"
        },
        "itsdangerous": {
            "hashes": [
                "sha256:cbb3fcf8d3e33df861709ecaf89d9e6629cff0a217bc2848f1b41cd30d360519"
            ],
            "index": "pypi",
            "version": "==0.24"
        },
        "jinja2": {
            "hashes": [
                "sha256:2e24ac5d004db5714976a04ac0e80c6df6e47e98c354cb2c0d82f8879d4f8fdb"
            ],
            "index": "pypi",
            "version": "==2.7.3"
        },
        "markupsafe": {
            "hashes": [
                "sha256:a4ec1aff59b95a14b45eb2e23761a0179e98319da5a7eb76b56ea8cdc7b871c3"
            ],
            "index": "pypi",
            "version": "==0.23"
        },
        "pymysql": {
            "hashes": [
                "sha256:263040d2779a3b84930f7ac9da5132be0fefcd6f453a885756656103f8ee1fdd",
                "sha256:44f47128dda8676e021c8d2dbb49a82be9e4ab158b9f03e897152a3a287c69ea"
            ],
            "index": "pypi",
            "version": "==0.10.1"
        },
        "sqlalchemy": {
            "hashes": [
                "sha256:9eb568d6381c6a45e3cc5616333deab653a15b3c6f9958419abeb055b400400e"
            ],
            "index": "pypi",
            "version": "==1.0.4"
        },
        "werkzeug": {
            "hashes": [
                "sha256:9d2771e4c89be127bc4bac056ab7ceaf0e0064c723d6b6e195739c3af4fd5c1d",
                "sha256:a438aa8c3f513a5cf3dda02a62f9e022b7598e9fbfeba14ba2d6dd957c8ab436"
            ],
            "index": "pypi",
            "version": "==0.10.4"
        }
    },
    "develop": {}
}
